
Microsoft Visual Studio Solution File, Format Version 12.00
# Visual Studio Version 17
VisualStudioVersion = 17.6.33829.357
MinimumVisualStudioVersion = 10.0.40219.1
Project("{9A19103F-16F7-4668-BE54-9A1E7A4F7556}") = "RazorTest", "RazorTest\RazorTest.csproj", "{658E2975-CE5D-4E48-9773-EBD73F003239}"
EndProject
Global
	GlobalSection(SolutionConfigurationPlatforms) = preSolution
		Debug|Any CPU = Debug|Any CPU
		Release|Any CPU = Release|Any CPU
	EndGlobalSection
	GlobalSection(ProjectConfigurationPlatforms) = postSolution
		{658E2975-CE5D-4E48-9773-EBD73F003239}.Debug|Any CPU.ActiveCfg = Debug|Any CPU
		{658E2975-CE5D-4E48-9773-EBD73F003239}.Debug|Any CPU.Build.0 = Debug|Any CPU
		{658E2975-CE5D-4E48-9773-EBD73F003239}.Release|Any CPU.ActiveCfg = Release|Any CPU
		{658E2975-CE5D-4E48-9773-EBD73F003239}.Release|Any CPU.Build.0 = Release|Any CPU
	EndGlobalSection
	GlobalSection(SolutionProperties) = preSolution
		HideSolutionNode = FALSE
	EndGlobalSection
	GlobalSection(ExtensibilityGlobals) = postSolution
		SolutionGuid = {F878922A-B9B7-4263-B44B-01D41E4D22CD}
	EndGlobalSection
EndGlobal
